// !$*UTF8*$!
{
	archiveVersion = 1;
	classes = {
	};
	objectVersion = 50;
	objects = {

/* Begin PBXBuildFile section */
		6F886D9304D18DFC73994482 /* Pods_Todo.framework in Frameworks */ = {isa = PBXBuildFile; fileRef = D325167E490A4EFF55DB4F4F /* Pods_Todo.framework */; };
		744C11F162768D7ED3259E33 /* Pods_TodoTests.framework in Frameworks */ = {isa = PBXBuildFile; fileRef = BCB78AB43911C97C07C56232 /* Pods_TodoTests.framework */; };
		89BC1E3B262A739E00FEC38C /* AppDelegate.swift in Sources */ = {isa = PBXBuildFile; fileRef = 89BC1E3A262A739E00FEC38C /* AppDelegate.swift */; };
		89BC1E3D262A739F00FEC38C /* ViewController.swift in Sources */ = {isa = PBXBuildFile; fileRef = 89BC1E3C262A739F00FEC38C /* ViewController.swift */; };
		89BC1E40262A739F00FEC38C /* Main.storyboard in Resources */ = {isa = PBXBuildFile; fileRef = 89BC1E3E262A739F00FEC38C /* Main.storyboard */; };
		89BC1E42262A73A200FEC38C /* Assets.xcassets in Resources */ = {isa = PBXBuildFile; fileRef = 89BC1E41262A73A200FEC38C /* Assets.xcassets */; };
		89BC1E45262A73A200FEC38C /* LaunchScreen.storyboard in Resources */ = {isa = PBXBuildFile; fileRef = 89BC1E43262A73A200FEC38C /* LaunchScreen.storyboard */; };
		89BC1E50262A73A200FEC38C /* TodoTests.swift in Sources */ = {isa = PBXBuildFile; fileRef = 89BC1E4F262A73A200FEC38C /* TodoTests.swift */; };
		89BC1E5B262A75AF00FEC38C /* Observable.swift in Sources */ = {isa = PBXBuildFile; fileRef = 89BC1E5A262A75AF00FEC38C /* Observable.swift */; };
		89BC1E5D262A762300FEC38C /* ViewModel.swift in Sources */ = {isa = PBXBuildFile; fileRef = 89BC1E5C262A762300FEC38C /* ViewModel.swift */; };
		89BC1E5F262A763900FEC38C /* FirebaseSource.swift in Sources */ = {isa = PBXBuildFile; fileRef = 89BC1E5E262A763900FEC38C /* FirebaseSource.swift */; };
		89BC1E61262A765000FEC38C /* ServiceProtocol.swift in Sources */ = {isa = PBXBuildFile; fileRef = 89BC1E60262A765000FEC38C /* ServiceProtocol.swift */; };
		89BC1E63262A76A600FEC38C /* Todo.swift in Sources */ = {isa = PBXBuildFile; fileRef = 89BC1E62262A76A600FEC38C /* Todo.swift */; };
/* End PBXBuildFile section */

/* Begin PBXContainerItemProxy section */
		89BC1E4C262A73A200FEC38C /* PBXContainerItemProxy */ = {
			isa = PBXContainerItemProxy;
			containerPortal = 89BC1E2F262A739E00FEC38C /* Project object */;
			proxyType = 1;
			remoteGlobalIDString = 89BC1E36262A739E00FEC38C;
			remoteInfo = Todo;
		};
/* End PBXContainerItemProxy section */

/* Begin PBXFileReference section */
		3ABF79A18A6418BF363B3913 /* Pods-Todo.debug.xcconfig */ = {isa = PBXFileReference; includeInIndex = 1; lastKnownFileType = text.xcconfig; name = "Pods-Todo.debug.xcconfig"; path = "Target Support Files/Pods-Todo/Pods-Todo.debug.xcconfig"; sourceTree = "<group>"; };
		7168CE515E2B245A68236D6C /* Pods-TodoTests.debug.xcconfig */ = {isa = PBXFileReference; includeInIndex = 1; lastKnownFileType = text.xcconfig; name = "Pods-TodoTests.debug.xcconfig"; path = "Target Support Files/Pods-TodoTests/Pods-TodoTests.debug.xcconfig"; sourceTree = "<group>"; };
		89BC1E37262A739E00FEC38C /* Todo.app */ = {isa = PBXFileReference; explicitFileType = wrapper.application; includeInIndex = 0; path = Todo.app; sourceTree = BUILT_PRODUCTS_DIR; };
		89BC1E3A262A739E00FEC38C /* AppDelegate.swift */ = {isa = PBXFileReference; lastKnownFileType = sourcecode.swift; path = AppDelegate.swift; sourceTree = "<group>"; };
		89BC1E3C262A739F00FEC38C /* ViewController.swift */ = {isa = PBXFileReference; lastKnownFileType = sourcecode.swift; path = ViewController.swift; sourceTree = "<group>"; };
		89BC1E3F262A739F00FEC38C /* Base */ = {isa = PBXFileReference; lastKnownFileType = file.storyboard; name = Base; path = Base.lproj/Main.storyboard; sourceTree = "<group>"; };
		89BC1E41262A73A200FEC38C /* Assets.xcassets */ = {isa = PBXFileReference; lastKnownFileType = folder.assetcatalog; path = Assets.xcassets; sourceTree = "<group>"; };
		89BC1E44262A73A200FEC38C /* Base */ = {isa = PBXFileReference; lastKnownFileType = file.storyboard; name = Base; path = Base.lproj/LaunchScreen.storyboard; sourceTree = "<group>"; };
		89BC1E46262A73A200FEC38C /* Info.plist */ = {isa = PBXFileReference; lastKnownFileType = text.plist.xml; path = Info.plist; sourceTree = "<group>"; };
		89BC1E4B262A73A200FEC38C /* TodoTests.xctest */ = {isa = PBXFileReference; explicitFileType = wrapper.cfbundle; includeInIndex = 0; path = TodoTests.xctest; sourceTree = BUILT_PRODUCTS_DIR; };
		89BC1E4F262A73A200FEC38C /* TodoTests.swift */ = {isa = PBXFileReference; lastKnownFileType = sourcecode.swift; path = TodoTests.swift; sourceTree = "<group>"; };
		89BC1E51262A73A200FEC38C /* Info.plist */ = {isa = PBXFileReference; lastKnownFileType = text.plist.xml; path = Info.plist; sourceTree = "<group>"; };
		89BC1E5A262A75AF00FEC38C /* Observable.swift */ = {isa = PBXFileReference; lastKnownFileType = sourcecode.swift; path = Observable.swift; sourceTree = "<group>"; };
		89BC1E5C262A762300FEC38C /* ViewModel.swift */ = {isa = PBXFileReference; lastKnownFileType = sourcecode.swift; path = ViewModel.swift; sourceTree = "<group>"; };
		89BC1E5E262A763900FEC38C /* FirebaseSource.swift */ = {isa = PBXFileReference; lastKnownFileType = sourcecode.swift; path = FirebaseSource.swift; sourceTree = "<group>"; };
		89BC1E60262A765000FEC38C /* ServiceProtocol.swift */ = {isa = PBXFileReference; lastKnownFileType = sourcecode.swift; path = ServiceProtocol.swift; sourceTree = "<group>"; };
		89BC1E62262A76A600FEC38C /* Todo.swift */ = {isa = PBXFileReference; lastKnownFileType = sourcecode.swift; path = Todo.swift; sourceTree = "<group>"; };
		9F57EC97A07C668065DE511F /* Pods-TodoTests.release.xcconfig */ = {isa = PBXFileReference; includeInIndex = 1; lastKnownFileType = text.xcconfig; name = "Pods-TodoTests.release.xcconfig"; path = "Target Support Files/Pods-TodoTests/Pods-TodoTests.release.xcconfig"; sourceTree = "<group>"; };
		BCB78AB43911C97C07C56232 /* Pods_TodoTests.framework */ = {isa = PBXFileReference; explicitFileType = wrapper.framework; includeInIndex = 0; path = Pods_TodoTests.framework; sourceTree = BUILT_PRODUCTS_DIR; };
		D325167E490A4EFF55DB4F4F /* Pods_Todo.framework */ = {isa = PBXFileReference; explicitFileType = wrapper.framework; includeInIndex = 0; path = Pods_Todo.framework; sourceTree = BUILT_PRODUCTS_DIR; };
		F8D26E375826E7B010732CB3 /* Pods-Todo.release.xcconfig */ = {isa = PBXFileReference; includeInIndex = 1; lastKnownFileType = text.xcconfig; name = "Pods-Todo.release.xcconfig"; path = "Target Support Files/Pods-Todo/Pods-Todo.release.xcconfig"; sourceTree = "<group>"; };
/* End PBXFileReference section */

/* Begin PBXFrameworksBuildPhase section */
		89BC1E34262A739E00FEC38C /* Frameworks */ = {
			isa = PBXFrameworksBuildPhase;
			buildActionMask = 2147483647;
			files = (
				6F886D9304D18DFC73994482 /* Pods_Todo.framework in Frameworks */,
			);
			runOnlyForDeploymentPostprocessing = 0;
		};
		89BC1E48262A73A200FEC38C /* Frameworks */ = {
			isa = PBXFrameworksBuildPhase;
			buildActionMask = 2147483647;
			files = (
				744C11F162768D7ED3259E33 /* Pods_TodoTests.framework in Frameworks */,
			);
			runOnlyForDeploymentPostprocessing = 0;
		};
/* End PBXFrameworksBuildPhase section */

/* Begin PBXGroup section */
		626586658AFFAED2C00B69EB /* Frameworks */ = {
			isa = PBXGroup;
			children = (
				D325167E490A4EFF55DB4F4F /* Pods_Todo.framework */,
				BCB78AB43911C97C07C56232 /* Pods_TodoTests.framework */,
			);
			name = Frameworks;
			sourceTree = "<group>";
		};
		89BC1E2E262A739E00FEC38C = {
			isa = PBXGroup;
			children = (
				89BC1E39262A739E00FEC38C /* Todo */,
				89BC1E4E262A73A200FEC38C /* TodoTests */,
				89BC1E38262A739E00FEC38C /* Products */,
				BBF24B056BE73F385CBEAF31 /* Pods */,
				626586658AFFAED2C00B69EB /* Frameworks */,
			);
			sourceTree = "<group>";
		};
		89BC1E38262A739E00FEC38C /* Products */ = {
			isa = PBXGroup;
			children = (
				89BC1E37262A739E00FEC38C /* Todo.app */,
				89BC1E4B262A73A200FEC38C /* TodoTests.xctest */,
			);
			name = Products;
			sourceTree = "<group>";
		};
		89BC1E39262A739E00FEC38C /* Todo */ = {
			isa = PBXGroup;
			children = (
				89BC1E3A262A739E00FEC38C /* AppDelegate.swift */,
				89BC1E3C262A739F00FEC38C /* ViewController.swift */,
				89BC1E5C262A762300FEC38C /* ViewModel.swift */,
				89BC1E5E262A763900FEC38C /* FirebaseSource.swift */,
				89BC1E60262A765000FEC38C /* ServiceProtocol.swift */,
				89BC1E62262A76A600FEC38C /* Todo.swift */,
				89BC1E5A262A75AF00FEC38C /* Observable.swift */,
				89BC1E3E262A739F00FEC38C /* Main.storyboard */,
				89BC1E41262A73A200FEC38C /* Assets.xcassets */,
				89BC1E43262A73A200FEC38C /* LaunchScreen.storyboard */,
				89BC1E46262A73A200FEC38C /* Info.plist */,
			);
			path = Todo;
			sourceTree = "<group>";
		};
		89BC1E4E262A73A200FEC38C /* TodoTests */ = {
			isa = PBXGroup;
			children = (
				89BC1E4F262A73A200FEC38C /* TodoTests.swift */,
				89BC1E51262A73A200FEC38C /* Info.plist */,
			);
			path = TodoTests;
			sourceTree = "<group>";
		};
		BBF24B056BE73F385CBEAF31 /* Pods */ = {
			isa = PBXGroup;
			children = (
				3ABF79A18A6418BF363B3913 /* Pods-Todo.debug.xcconfig */,
				F8D26E375826E7B010732CB3 /* Pods-Todo.release.xcconfig */,
				7168CE515E2B245A68236D6C /* Pods-TodoTests.debug.xcconfig */,
				9F57EC97A07C668065DE511F /* Pods-TodoTests.release.xcconfig */,
			);
			name = Pods;
			path = Pods;
			sourceTree = "<group>";
		};
/* End PBXGroup section */

/* Begin PBXNativeTarget section */
		89BC1E36262A739E00FEC38C /* Todo */ = {
			isa = PBXNativeTarget;
			buildConfigurationList = 89BC1E54262A73A200FEC38C /* Build configuration list for PBXNativeTarget "Todo" */;
			buildPhases = (
				B4C65E79E4EF441A9AF54E6F /* [CP] Check Pods Manifest.lock */,
				89BC1E33262A739E00FEC38C /* Sources */,
				89BC1E34262A739E00FEC38C /* Frameworks */,
				89BC1E35262A739E00FEC38C /* Resources */,
				FBC4D2F0254275A1368BE2A6 /* [CP] Embed Pods Frameworks */,
			);
			buildRules = (
			);
			dependencies = (
			);
			name = Todo;
			productName = Todo;
			productReference = 89BC1E37262A739E00FEC38C /* Todo.app */;
			productType = "com.apple.product-type.application";
		};
		89BC1E4A262A73A200FEC38C /* TodoTests */ = {
			isa = PBXNativeTarget;
			buildConfigurationList = 89BC1E57262A73A200FEC38C /* Build configuration list for PBXNativeTarget "TodoTests" */;
			buildPhases = (
				41DEA8332DADC36DE075DB17 /* [CP] Check Pods Manifest.lock */,
				89BC1E47262A73A200FEC38C /* Sources */,
				89BC1E48262A73A200FEC38C /* Frameworks */,
				89BC1E49262A73A200FEC38C /* Resources */,
			);
			buildRules = (
			);
			dependencies = (
				89BC1E4D262A73A200FEC38C /* PBXTargetDependency */,
			);
			name = TodoTests;
			productName = TodoTests;
			productReference = 89BC1E4B262A73A200FEC38C /* TodoTests.xctest */;
			productType = "com.apple.product-type.bundle.unit-test";
		};
/* End PBXNativeTarget section */

/* Begin PBXProject section */
		89BC1E2F262A739E00FEC38C /* Project object */ = {
			isa = PBXProject;
			attributes = {
				LastSwiftUpdateCheck = 1010;
				LastUpgradeCheck = 1010;
				ORGANIZATIONNAME = "Jacky Tjoa";
				TargetAttributes = {
					89BC1E36262A739E00FEC38C = {
						CreatedOnToolsVersion = 10.1;
					};
					89BC1E4A262A73A200FEC38C = {
						CreatedOnToolsVersion = 10.1;
						TestTargetID = 89BC1E36262A739E00FEC38C;
					};
				};
			};
			buildConfigurationList = 89BC1E32262A739E00FEC38C /* Build configuration list for PBXProject "Todo" */;
			compatibilityVersion = "Xcode 9.3";
			developmentRegion = en;
			hasScannedForEncodings = 0;
			knownRegions = (
				en,
				Base,
			);
			mainGroup = 89BC1E2E262A739E00FEC38C;
			productRefGroup = 89BC1E38262A739E00FEC38C /* Products */;
			projectDirPath = "";
			projectRoot = "";
			targets = (
				89BC1E36262A739E00FEC38C /* Todo */,
				89BC1E4A262A73A200FEC38C /* TodoTests */,
			);
		};
/* End PBXProject section */

/* Begin PBXResourcesBuildPhase section */
		89BC1E35262A739E00FEC38C /* Resources */ = {
			isa = PBXResourcesBuildPhase;
			buildActionMask = 2147483647;
			files = (
				89BC1E45262A73A200FEC38C /* LaunchScreen.storyboard in Resources */,
				89BC1E42262A73A200FEC38C /* Assets.xcassets in Resources */,
				89BC1E40262A739F00FEC38C /* Main.storyboard in Resources */,
			);
			runOnlyForDeploymentPostprocessing = 0;
		};
		89BC1E49262A73A200FEC38C /* Resources */ = {
			isa = PBXResourcesBuildPhase;
			buildActionMask = 2147483647;
			files = (
			);
			runOnlyForDeploymentPostprocessing = 0;
		};
/* End PBXResourcesBuildPhase section */

/* Begin PBXShellScriptBuildPhase section */
		41DEA8332DADC36DE075DB17 /* [CP] Check Pods Manifest.lock */ = {
			isa = PBXShellScriptBuildPhase;
			buildActionMask = 2147483647;
			files = (
			);
			inputFileListPaths = (
			);
			inputPaths = (
				"${PODS_PODFILE_DIR_PATH}/Podfile.lock",
				"${PODS_ROOT}/Manifest.lock",
			);
			name = "[CP] Check Pods Manifest.lock";
			outputFileListPaths = (
			);
			outputPaths = (
				"$(DERIVED_FILE_DIR)/Pods-TodoTests-checkManifestLockResult.txt",
			);
			runOnlyForDeploymentPostprocessing = 0;
			shellPath = /bin/sh;
			shellScript = "diff \"${PODS_PODFILE_DIR_PATH}/Podfile.lock\" \"${PODS_ROOT}/Manifest.lock\" > /dev/null\nif [ $? != 0 ] ; then\n    # print error to STDERR\n    echo \"error: The sandbox is not in sync with the Podfile.lock. Run 'pod install' or update your CocoaPods installation.\" >&2\n    exit 1\nfi\n# This output is used by Xcode 'outputs' to avoid re-running this script phase.\necho \"SUCCESS\" > \"${SCRIPT_OUTPUT_FILE_0}\"\n";
			showEnvVarsInLog = 0;
		};
		B4C65E79E4EF441A9AF54E6F /* [CP] Check Pods Manifest.lock */ = {
			isa = PBXShellScriptBuildPhase;
			buildActionMask = 2147483647;
			files = (
			);
			inputFileListPaths = (
			);
			inputPaths = (
				"${PODS_PODFILE_DIR_PATH}/Podfile.lock",
				"${PODS_ROOT}/Manifest.lock",
			);
			name = "[CP] Check Pods Manifest.lock";
			outputFileListPaths = (
			);
			outputPaths = (
				"$(DERIVED_FILE_DIR)/Pods-Todo-checkManifestLockResult.txt",
			);
			runOnlyForDeploymentPostprocessing = 0;
			shellPath = /bin/sh;
			shellScript = "diff \"${PODS_PODFILE_DIR_PATH}/Podfile.lock\" \"${PODS_ROOT}/Manifest.lock\" > /dev/null\nif [ $? != 0 ] ; then\n    # print error to STDERR\n    echo \"error: The sandbox is not in sync with the Podfile.lock. Run 'pod install' or update your CocoaPods installation.\" >&2\n    exit 1\nfi\n# This output is used by Xcode 'outputs' to avoid re-running this script phase.\necho \"SUCCESS\" > \"${SCRIPT_OUTPUT_FILE_0}\"\n";
			showEnvVarsInLog = 0;
		};
		FBC4D2F0254275A1368BE2A6 /* [CP] Embed Pods Frameworks */ = {
			isa = PBXShellScriptBuildPhase;
			buildActionMask = 2147483647;
			files = (
			);
			inputFileListPaths = (
				"${PODS_ROOT}/Target Support Files/Pods-Todo/Pods-Todo-frameworks-${CONFIGURATION}-input-files.xcfilelist",
			);
			name = "[CP] Embed Pods Frameworks";
			outputFileListPaths = (
				"${PODS_ROOT}/Target Support Files/Pods-Todo/Pods-Todo-frameworks-${CONFIGURATION}-output-files.xcfilelist",
			);
			runOnlyForDeploymentPostprocessing = 0;
			shellPath = /bin/sh;
			shellScript = "\"${PODS_ROOT}/Target Support Files/Pods-Todo/Pods-Todo-frameworks.sh\"\n";
			showEnvVarsInLog = 0;
		};
/* End PBXShellScriptBuildPhase section */

/* Begin PBXSourcesBuildPhase section */
		89BC1E33262A739E00FEC38C /* Sources */ = {
			isa = PBXSourcesBuildPhase;
			buildActionMask = 2147483647;
			files = (
				89BC1E63262A76A600FEC38C /* Todo.swift in Sources */,
				89BC1E5F262A763900FEC38C /* FirebaseSource.swift in Sources */,
				89BC1E3D262A739F00FEC38C /* ViewController.swift in Sources */,
				89BC1E5B262A75AF00FEC38C /* Observable.swift in Sources */,
				89BC1E61262A765000FEC38C /* ServiceProtocol.swift in Sources */,
				89BC1E5D262A762300FEC38C /* ViewModel.swift in Sources */,
				89BC1E3B262A739E00FEC38C /* AppDelegate.swift in Sources */,
			);
			runOnlyForDeploymentPostprocessing = 0;
		};
		89BC1E47262A73A200FEC38C /* Sources */ = {
			isa = PBXSourcesBuildPhase;
			buildActionMask = 2147483647;
			files = (
				89BC1E50262A73A200FEC38C /* TodoTests.swift in Sources */,
			);
			runOnlyForDeploymentPostprocessing = 0;
		};
/* End PBXSourcesBuildPhase section */

/* Begin PBXTargetDependency section */
		89BC1E4D262A73A200FEC38C /* PBXTargetDependency */ = {
			isa = PBXTargetDependency;
			target = 89BC1E36262A739E00FEC38C /* Todo */;
			targetProxy = 89BC1E4C262A73A200FEC38C /* PBXContainerItemProxy */;
		};
/* End PBXTargetDependency section */

/* Begin PBXVariantGroup section */
		89BC1E3E262A739F00FEC38C /* Main.storyboard */ = {
			isa = PBXVariantGroup;
			children = (
				89BC1E3F262A739F00FEC38C /* Base */,
			);
			name = Main.storyboard;
			sourceTree = "<group>";
		};
		89BC1E43262A73A200FEC38C /* LaunchScreen.storyboard */ = {
			isa = PBXVariantGroup;
			children = (
				89BC1E44262A73A200FEC38C /* Base */,
			);
			name = LaunchScreen.storyboard;
			sourceTree = "<group>";
		};
/* End PBXVariantGroup section */

/* Begin XCBuildConfiguration section */
		89BC1E52262A73A200FEC38C /* Debug */ = {
			isa = XCBuildConfiguration;
			buildSettings = {
				ALWAYS_SEARCH_USER_PATHS = NO;
				CLANG_ANALYZER_NONNULL = YES;
				CLANG_ANALYZER_NUMBER_OBJECT_CONVERSION = YES_AGGRESSIVE;
				CLANG_CXX_LANGUAGE_STANDARD = "gnu++14";
				CLANG_CXX_LIBRARY = "libc++";
				CLANG_ENABLE_MODULES = YES;
				CLANG_ENABLE_OBJC_ARC = YES;
				CLANG_ENABLE_OBJC_WEAK = YES;
				CLANG_WARN_BLOCK_CAPTURE_AUTORELEASING = YES;
				CLANG_WARN_BOOL_CONVERSION = YES;
				CLANG_WARN_COMMA = YES;
				CLANG_WARN_CONSTANT_CONVERSION = YES;
				CLANG_WARN_DEPRECATED_OBJC_IMPLEMENTATIONS = YES;
				CLANG_WARN_DIRECT_OBJC_ISA_USAGE = YES_ERROR;
				CLANG_WARN_DOCUMENTATION_COMMENTS = YES;
				CLANG_WARN_EMPTY_BODY = YES;
				CLANG_WARN_ENUM_CONVERSION = YES;
				CLANG_WARN_INFINITE_RECURSION = YES;
				CLANG_WARN_INT_CONVERSION = YES;
				CLANG_WARN_NON_LITERAL_NULL_CONVERSION = YES;
				CLANG_WARN_OBJC_IMPLICIT_RETAIN_SELF = YES;
				CLANG_WARN_OBJC_LITERAL_CONVERSION = YES;
				CLANG_WARN_OBJC_ROOT_CLASS = YES_ERROR;
				CLANG_WARN_RANGE_LOOP_ANALYSIS = YES;
				CLANG_WARN_STRICT_PROTOTYPES = YES;
				CLANG_WARN_SUSPICIOUS_MOVE = YES;
				CLANG_WARN_UNGUARDED_AVAILABILITY = YES_AGGRESSIVE;
				CLANG_WARN_UNREACHABLE_CODE = YES;
				CLANG_WARN__DUPLICATE_METHOD_MATCH = YES;
				CODE_SIGN_IDENTITY = "iPhone Developer";
				COPY_PHASE_STRIP = NO;
				DEBUG_INFORMATION_FORMAT = dwarf;
				ENABLE_STRICT_OBJC_MSGSEND = YES;
				ENABLE_TESTABILITY = YES;
				GCC_C_LANGUAGE_STANDARD = gnu11;
				GCC_DYNAMIC_NO_PIC = NO;
				GCC_NO_COMMON_BLOCKS = YES;
				GCC_OPTIMIZATION_LEVEL = 0;
				GCC_PREPROCESSOR_DEFINITIONS = (
					"DEBUG=1",
					"$(inherited)",
				);
				GCC_WARN_64_TO_32_BIT_CONVERSION = YES;
				GCC_WARN_ABOUT_RETURN_TYPE = YES_ERROR;
				GCC_WARN_UNDECLARED_SELECTOR = YES;
				GCC_WARN_UNINITIALIZED_AUTOS = YES_AGGRESSIVE;
				GCC_WARN_UNUSED_FUNCTION = YES;
				GCC_WARN_UNUSED_VARIABLE = YES;
				IPHONEOS_DEPLOYMENT_TARGET = 12.1;
				MTL_ENABLE_DEBUG_INFO = INCLUDE_SOURCE;
				MTL_FAST_MATH = YES;
				ONLY_ACTIVE_ARCH = YES;
				SDKROOT = iphoneos;
				SWIFT_ACTIVE_COMPILATION_CONDITIONS = DEBUG;
				SWIFT_OPTIMIZATION_LEVEL = "-Onone";
			};
			name = Debug;
		};
		89BC1E53262A73A200FEC38C /* Release */ = {
			isa = XCBuildConfiguration;
			buildSettings = {
				ALWAYS_SEARCH_USER_PATHS = NO;
				CLANG_ANALYZER_NONNULL = YES;
				CLANG_ANALYZER_NUMBER_OBJECT_CONVERSION = YES_AGGRESSIVE;
				CLANG_CXX_LANGUAGE_STANDARD = "gnu++14";
				CLANG_CXX_LIBRARY = "libc++";
				CLANG_ENABLE_MODULES = YES;
				CLANG_ENABLE_OBJC_ARC = YES;
				CLANG_ENABLE_OBJC_WEAK = YES;
				CLANG_WARN_BLOCK_CAPTURE_AUTORELEASING = YES;
				CLANG_WARN_BOOL_CONVERSION = YES;
				CLANG_WARN_COMMA = YES;
				CLANG_WARN_CONSTANT_CONVERSION = YES;
				CLANG_WARN_DEPRECATED_OBJC_IMPLEMENTATIONS = YES;
				CLANG_WARN_DIRECT_OBJC_ISA_USAGE = YES_ERROR;
				CLANG_WARN_DOCUMENTATION_COMMENTS = YES;
				CLANG_WARN_EMPTY_BODY = YES;
				CLANG_WARN_ENUM_CONVERSION = YES;
				CLANG_WARN_INFINITE_RECURSION = YES;
				CLANG_WARN_INT_CONVERSION = YES;
				CLANG_WARN_NON_LITERAL_NULL_CONVERSION = YES;
				CLANG_WARN_OBJC_IMPLICIT_RETAIN_SELF = YES;
				CLANG_WARN_OBJC_LITERAL_CONVERSION = YES;
				CLANG_WARN_OBJC_ROOT_CLASS = YES_ERROR;
				CLANG_WARN_RANGE_LOOP_ANALYSIS = YES;
				CLANG_WARN_STRICT_PROTOTYPES = YES;
				CLANG_WARN_SUSPICIOUS_MOVE = YES;
				CLANG_WARN_UNGUARDED_AVAILABILITY = YES_AGGRESSIVE;
				CLANG_WARN_UNREACHABLE_CODE = YES;
				CLANG_WARN__DUPLICATE_METHOD_MATCH = YES;
				CODE_SIGN_IDENTITY = "iPhone Developer";
				COPY_PHASE_STRIP = NO;
				DEBUG_INFORMATION_FORMAT = "dwarf-with-dsym";
				ENABLE_NS_ASSERTIONS = NO;
				ENABLE_STRICT_OBJC_MSGSEND = YES;
				GCC_C_LANGUAGE_STANDARD = gnu11;
				GCC_NO_COMMON_BLOCKS = YES;
				GCC_WARN_64_TO_32_BIT_CONVERSION = YES;
				GCC_WARN_ABOUT_RETURN_TYPE = YES_ERROR;
				GCC_WARN_UNDECLARED_SELECTOR = YES;
				GCC_WARN_UNINITIALIZED_AUTOS = YES_AGGRESSIVE;
				GCC_WARN_UNUSED_FUNCTION = YES;
				GCC_WARN_UNUSED_VARIABLE = YES;
				IPHONEOS_DEPLOYMENT_TARGET = 12.1;
				MTL_ENABLE_DEBUG_INFO = NO;
				MTL_FAST_MATH = YES;
				SDKROOT = iphoneos;
				SWIFT_COMPILATION_MODE = wholemodule;
				SWIFT_OPTIMIZATION_LEVEL = "-O";
				VALIDATE_PRODUCT = YES;
			};
			name = Release;
		};
		89BC1E55262A73A200FEC38C /* Debug */ = {
			isa = XCBuildConfiguration;
			baseConfigurationReference = 3ABF79A18A6418BF363B3913 /* Pods-Todo.debug.xcconfig */;
			buildSettings = {
				ASSETCATALOG_COMPILER_APPICON_NAME = AppIcon;
				CODE_SIGN_STYLE = Automatic;
				INFOPLIST_FILE = Todo/Info.plist;
				LD_RUNPATH_SEARCH_PATHS = (
					"$(inherited)",
					"@executable_path/Frameworks",
				);
				PRODUCT_BUNDLE_IDENTIFIER = com.coolheart.Todo;
				PRODUCT_NAME = "$(TARGET_NAME)";
				SWIFT_VERSION = 4.2;
				TARGETED_DEVICE_FAMILY = "1,2";
			};
			name = Debug;
		};
		89BC1E56262A73A200FEC38C /* Release */ = {
			isa = XCBuildConfiguration;
			baseConfigurationReference = F8D26E375826E7B010732CB3 /* Pods-Todo.release.xcconfig */;
			buildSettings = {
				ASSETCATALOG_COMPILER_APPICON_NAME = AppIcon;
				CODE_SIGN_STYLE = Automatic;
				INFOPLIST_FILE = Todo/Info.plist;
				LD_RUNPATH_SEARCH_PATHS = (
					"$(inherited)",
					"@executable_path/Frameworks",
				);
				PRODUCT_BUNDLE_IDENTIFIER = com.coolheart.Todo;
				PRODUCT_NAME = "$(TARGET_NAME)";
				SWIFT_VERSION = 4.2;
				TARGETED_DEVICE_FAMILY = "1,2";
			};
			name = Release;
		};
		89BC1E58262A73A200FEC38C /* Debug */ = {
			isa = XCBuildConfiguration;
			baseConfigurationReference = 7168CE515E2B245A68236D6C /* Pods-TodoTests.debug.xcconfig */;
			buildSettings = {
				ALWAYS_EMBED_SWIFT_STANDARD_LIBRARIES = YES;
				BUNDLE_LOADER = "$(TEST_HOST)";
				CODE_SIGN_STYLE = Automatic;
				INFOPLIST_FILE = TodoTests/Info.plist;
				LD_RUNPATH_SEARCH_PATHS = (
					"$(inherited)",
					"@executable_path/Frameworks",
					"@loader_path/Frameworks",
				);
				PRODUCT_BUNDLE_IDENTIFIER = com.coolheart.TodoTests;
				PRODUCT_NAME = "$(TARGET_NAME)";
				SWIFT_VERSION = 4.2;
				TARGETED_DEVICE_FAMILY = "1,2";
				TEST_HOST = "$(BUILT_PRODUCTS_DIR)/Todo.app/Todo";
			};
			name = Debug;
		};
		89BC1E59262A73A200FEC38C /* Release */ = {
			isa = XCBuildConfiguration;
			baseConfigurationReference = 9F57EC97A07C668065DE511F /* Pods-TodoTests.release.xcconfig */;
			buildSettings = {
				ALWAYS_EMBED_SWIFT_STANDARD_LIBRARIES = YES;
				BUNDLE_LOADER = "$(TEST_HOST)";
				CODE_SIGN_STYLE = Automatic;
				INFOPLIST_FILE = TodoTests/Info.plist;
				LD_RUNPATH_SEARCH_PATHS = (
					"$(inherited)",
					"@executable_path/Frameworks",
					"@loader_path/Frameworks",
				);
				PRODUCT_BUNDLE_IDENTIFIER = com.coolheart.TodoTests;
				PRODUCT_NAME = "$(TARGET_NAME)";
				SWIFT_VERSION = 4.2;
				TARGETED_DEVICE_FAMILY = "1,2";
				TEST_HOST = "$(BUILT_PRODUCTS_DIR)/Todo.app/Todo";
			};
			name = Release;
		};
/* End XCBuildConfiguration section */

/* Begin XCConfigurationList section */
		89BC1E32262A739E00FEC38C /* Build configuration list for PBXProject "Todo" */ = {
			isa = XCConfigurationList;
			buildConfigurations = (
				89BC1E52262A73A200FEC38C /* Debug */,
				89BC1E53262A73A200FEC38C /* Release */,
			);
			defaultConfigurationIsVisible = 0;
			defaultConfigurationName = Release;
		};
		89BC1E54262A73A200FEC38C /* Build configuration list for PBXNativeTarget "Todo" */ = {
			isa = XCConfigurationList;
			buildConfigurations = (
				89BC1E55262A73A200FEC38C /* Debug */,
				89BC1E56262A73A200FEC38C /* Release */,
			);
			defaultConfigurationIsVisible = 0;
			defaultConfigurationName = Release;
		};
		89BC1E57262A73A200FEC38C /* Build configuration list for PBXNativeTarget "TodoTests" */ = {
			isa = XCConfigurationList;
			buildConfigurations = (
				89BC1E58262A73A200FEC38C /* Debug */,
				89BC1E59262A73A200FEC38C /* Release */,
			);
			defaultConfigurationIsVisible = 0;
			defaultConfigurationName = Release;
		};
/* End XCConfigurationList section */
	};
	rootObject = 89BC1E2F262A739E00FEC38C /* Project object */;
}
